// !$*UTF8*$!
{
	archiveVersion = 1;
	classes = {
	};
	objectVersion = 46;
	objects = {

/* Begin PBXBuildFile section */
		CE0FF2AF1DD1C337004A0608 /* AppDelegate.swift in Sources */ = {isa = PBXBuildFile; fileRef = CE0FF2AE1DD1C337004A0608 /* AppDelegate.swift */; };
		CE0FF2B11DD1C337004A0608 /* ViewController.swift in Sources */ = {isa = PBXBuildFile; fileRef = CE0FF2B01DD1C337004A0608 /* ViewController.swift */; };
		CE0FF2B41DD1C337004A0608 /* Main.storyboard in Resources */ = {isa = PBXBuildFile; fileRef = CE0FF2B21DD1C337004A0608 /* Main.storyboard */; };
		CE0FF2B71DD1C337004A0608 /* OPTO_e_Catalogue.xcdatamodeld in Sources */ = {isa = PBXBuildFile; fileRef = CE0FF2B51DD1C337004A0608 /* OPTO_e_Catalogue.xcdatamodeld */; };
		CE0FF2B91DD1C337004A0608 /* Assets.xcassets in Resources */ = {isa = PBXBuildFile; fileRef = CE0FF2B81DD1C337004A0608 /* Assets.xcassets */; };
		CE0FF2BC1DD1C337004A0608 /* LaunchScreen.storyboard in Resources */ = {isa = PBXBuildFile; fileRef = CE0FF2BA1DD1C337004A0608 /* LaunchScreen.storyboard */; };
		CE0FF2C51DD1C581004A0608 /* Catalog.storyboard in Resources */ = {isa = PBXBuildFile; fileRef = CE0FF2C41DD1C581004A0608 /* Catalog.storyboard */; };
		CE0FF2C71DD1C590004A0608 /* Orders.storyboard in Resources */ = {isa = PBXBuildFile; fileRef = CE0FF2C61DD1C590004A0608 /* Orders.storyboard */; };
		CE0FF2C91DD1C5C1004A0608 /* Contacts.storyboard in Resources */ = {isa = PBXBuildFile; fileRef = CE0FF2C81DD1C5C1004A0608 /* Contacts.storyboard */; };
		CE0FF2CB1DD1C5D6004A0608 /* Home.storyboard in Resources */ = {isa = PBXBuildFile; fileRef = CE0FF2CA1DD1C5D6004A0608 /* Home.storyboard */; };
		CE0FF2CD1DD1C60F004A0608 /* Settings.storyboard in Resources */ = {isa = PBXBuildFile; fileRef = CE0FF2CC1DD1C60F004A0608 /* Settings.storyboard */; };
		CE0FF2D21DD1DDE9004A0608 /* LoginViewController.swift in Sources */ = {isa = PBXBuildFile; fileRef = CE0FF2D11DD1DDE9004A0608 /* LoginViewController.swift */; };
		CE0FF2D41DD1DEE8004A0608 /* ServerUtilities.swift in Sources */ = {isa = PBXBuildFile; fileRef = CE0FF2D31DD1DEE8004A0608 /* ServerUtilities.swift */; };
		CE0FF2D71DD1DF7E004A0608 /* Realm.framework in Frameworks */ = {isa = PBXBuildFile; fileRef = CE0FF2D51DD1DF7E004A0608 /* Realm.framework */; };
		CE0FF2D81DD1DF7E004A0608 /* Realm.framework in Embed Frameworks */ = {isa = PBXBuildFile; fileRef = CE0FF2D51DD1DF7E004A0608 /* Realm.framework */; settings = {ATTRIBUTES = (CodeSignOnCopy, RemoveHeadersOnCopy, ); }; };
		CE0FF2D91DD1DF7E004A0608 /* RealmSwift.framework in Frameworks */ = {isa = PBXBuildFile; fileRef = CE0FF2D61DD1DF7E004A0608 /* RealmSwift.framework */; };
		CE0FF2DA1DD1DF7E004A0608 /* RealmSwift.framework in Embed Frameworks */ = {isa = PBXBuildFile; fileRef = CE0FF2D61DD1DF7E004A0608 /* RealmSwift.framework */; settings = {ATTRIBUTES = (CodeSignOnCopy, RemoveHeadersOnCopy, ); }; };
		CE0FF2DD1DD1EF83004A0608 /* Database.swift in Sources */ = {isa = PBXBuildFile; fileRef = CE0FF2DC1DD1EF83004A0608 /* Database.swift */; };
		CE0FF2DF1DD29D1F004A0608 /* Login.storyboard in Resources */ = {isa = PBXBuildFile; fileRef = CE0FF2DE1DD29D1F004A0608 /* Login.storyboard */; };
		CE0FF2E11DD2BA61004A0608 /* SettingsViewController.swift in Sources */ = {isa = PBXBuildFile; fileRef = CE0FF2E01DD2BA61004A0608 /* SettingsViewController.swift */; };
		CE61FD151DD978CF00840C22 /* CatalogueViewController.swift in Sources */ = {isa = PBXBuildFile; fileRef = CE61FD141DD978CF00840C22 /* CatalogueViewController.swift */; };
		CE61FD171DDAA4CE00840C22 /* CatalogueCells.swift in Sources */ = {isa = PBXBuildFile; fileRef = CE61FD161DDAA4CE00840C22 /* CatalogueCells.swift */; };
		CEC0CA331DDBAF9D0026B703 /* ApplicationUtilities.swift in Sources */ = {isa = PBXBuildFile; fileRef = CEC0CA321DDBAF9D0026B703 /* ApplicationUtilities.swift */; };
		CEC0CA351DDBAFF40026B703 /* GroupPopOverController.swift in Sources */ = {isa = PBXBuildFile; fileRef = CEC0CA341DDBAFF40026B703 /* GroupPopOverController.swift */; };
		CEC0CA371DDBB0300026B703 /* GroupPopOverCell.swift in Sources */ = {isa = PBXBuildFile; fileRef = CEC0CA361DDBB0300026B703 /* GroupPopOverCell.swift */; };
		CEC0CA431DDCF9330026B703 /* CustomerPopOverController.swift in Sources */ = {isa = PBXBuildFile; fileRef = CEC0CA421DDCF9330026B703 /* CustomerPopOverController.swift */; };
		CEC0CA451DDCF9640026B703 /* CustomerPopOverCell.swift in Sources */ = {isa = PBXBuildFile; fileRef = CEC0CA441DDCF9640026B703 /* CustomerPopOverCell.swift */; };
		CEC0CA471DDD48220026B703 /* ContactViewController.swift in Sources */ = {isa = PBXBuildFile; fileRef = CEC0CA461DDD48220026B703 /* ContactViewController.swift */; };
		CEC0CA491DDD490E0026B703 /* ContactCell.swift in Sources */ = {isa = PBXBuildFile; fileRef = CEC0CA481DDD490E0026B703 /* ContactCell.swift */; };
		CEC0CA4B1DDE6F1F0026B703 /* ContactDetailsViewController.swift in Sources */ = {isa = PBXBuildFile; fileRef = CEC0CA4A1DDE6F1F0026B703 /* ContactDetailsViewController.swift */; };
		CEC0CA4D1DDE75E30026B703 /* PendingOrdersViewController.swift in Sources */ = {isa = PBXBuildFile; fileRef = CEC0CA4C1DDE75E30026B703 /* PendingOrdersViewController.swift */; };
		CEC0CA511DDE7DD20026B703 /* PendingOdersCell.swift in Sources */ = {isa = PBXBuildFile; fileRef = CEC0CA501DDE7DD20026B703 /* PendingOdersCell.swift */; };
		CEC0CA531DDE8D4F0026B703 /* PartListViewController.swift in Sources */ = {isa = PBXBuildFile; fileRef = CEC0CA521DDE8D4F0026B703 /* PartListViewController.swift */; };
		CEC0CA551DDE8F650026B703 /* PartListCell.swift in Sources */ = {isa = PBXBuildFile; fileRef = CEC0CA541DDE8F650026B703 /* PartListCell.swift */; };
		CEC0CA571DDEC51F0026B703 /* PartListDetailsViewController.swift in Sources */ = {isa = PBXBuildFile; fileRef = CEC0CA561DDEC51F0026B703 /* PartListDetailsViewController.swift */; };
		CEC0CA5C1DE3BEED0026B703 /* SwiftyJSON.swift in Sources */ = {isa = PBXBuildFile; fileRef = CEC0CA5B1DE3BEED0026B703 /* SwiftyJSON.swift */; };
/* End PBXBuildFile section */

/* Begin PBXCopyFilesBuildPhase section */
		CE0FF2DB1DD1DF7E004A0608 /* Embed Frameworks */ = {
			isa = PBXCopyFilesBuildPhase;
			buildActionMask = 2147483647;
			dstPath = "";
			dstSubfolderSpec = 10;
			files = (
				CE0FF2DA1DD1DF7E004A0608 /* RealmSwift.framework in Embed Frameworks */,
				CE0FF2D81DD1DF7E004A0608 /* Realm.framework in Embed Frameworks */,
			);
			name = "Embed Frameworks";
			runOnlyForDeploymentPostprocessing = 0;
		};
/* End PBXCopyFilesBuildPhase section */

/* Begin PBXFileReference section */
		CE0FF2AB1DD1C337004A0608 /* OPTO e-Catalogue.app */ = {isa = PBXFileReference; explicitFileType = wrapper.application; includeInIndex = 0; path = "OPTO e-Catalogue.app"; sourceTree = BUILT_PRODUCTS_DIR; };
		CE0FF2AE1DD1C337004A0608 /* AppDelegate.swift */ = {isa = PBXFileReference; lastKnownFileType = sourcecode.swift; path = AppDelegate.swift; sourceTree = "<group>"; };
		CE0FF2B01DD1C337004A0608 /* ViewController.swift */ = {isa = PBXFileReference; lastKnownFileType = sourcecode.swift; path = ViewController.swift; sourceTree = "<group>"; };
		CE0FF2B31DD1C337004A0608 /* Base */ = {isa = PBXFileReference; lastKnownFileType = file.storyboard; name = Base; path = Base.lproj/Main.storyboard; sourceTree = "<group>"; };
		CE0FF2B61DD1C337004A0608 /* OPTO_e_Catalogue.xcdatamodel */ = {isa = PBXFileReference; lastKnownFileType = wrapper.xcdatamodel; path = OPTO_e_Catalogue.xcdatamodel; sourceTree = "<group>"; };
		CE0FF2B81DD1C337004A0608 /* Assets.xcassets */ = {isa = PBXFileReference; lastKnownFileType = folder.assetcatalog; path = Assets.xcassets; sourceTree = "<group>"; };
		CE0FF2BB1DD1C337004A0608 /* Base */ = {isa = PBXFileReference; lastKnownFileType = file.storyboard; name = Base; path = Base.lproj/LaunchScreen.storyboard; sourceTree = "<group>"; };
		CE0FF2BD1DD1C337004A0608 /* Info.plist */ = {isa = PBXFileReference; lastKnownFileType = text.plist.xml; path = Info.plist; sourceTree = "<group>"; };
		CE0FF2C31DD1C344004A0608 /* OPTO e-Catalogue.entitlements */ = {isa = PBXFileReference; lastKnownFileType = text.plist.entitlements; path = "OPTO e-Catalogue.entitlements"; sourceTree = "<group>"; };
		CE0FF2C41DD1C581004A0608 /* Catalog.storyboard */ = {isa = PBXFileReference; fileEncoding = 4; lastKnownFileType = file.storyboard; path = Catalog.storyboard; sourceTree = "<group>"; };
		CE0FF2C61DD1C590004A0608 /* Orders.storyboard */ = {isa = PBXFileReference; fileEncoding = 4; lastKnownFileType = file.storyboard; path = Orders.storyboard; sourceTree = "<group>"; };
		CE0FF2C81DD1C5C1004A0608 /* Contacts.storyboard */ = {isa = PBXFileReference; fileEncoding = 4; lastKnownFileType = file.storyboard; path = Contacts.storyboard; sourceTree = "<group>"; };
		CE0FF2CA1DD1C5D6004A0608 /* Home.storyboard */ = {isa = PBXFileReference; fileEncoding = 4; lastKnownFileType = file.storyboard; path = Home.storyboard; sourceTree = "<group>"; };
		CE0FF2CC1DD1C60F004A0608 /* Settings.storyboard */ = {isa = PBXFileReference; fileEncoding = 4; lastKnownFileType = file.storyboard; path = Settings.storyboard; sourceTree = "<group>"; };
		CE0FF2D11DD1DDE9004A0608 /* LoginViewController.swift */ = {isa = PBXFileReference; fileEncoding = 4; lastKnownFileType = sourcecode.swift; path = LoginViewController.swift; sourceTree = "<group>"; };
		CE0FF2D31DD1DEE8004A0608 /* ServerUtilities.swift */ = {isa = PBXFileReference; fileEncoding = 4; lastKnownFileType = sourcecode.swift; path = ServerUtilities.swift; sourceTree = "<group>"; };
		CE0FF2D51DD1DF7E004A0608 /* Realm.framework */ = {isa = PBXFileReference; lastKnownFileType = wrapper.framework; path = Realm.framework; sourceTree = "<group>"; };
		CE0FF2D61DD1DF7E004A0608 /* RealmSwift.framework */ = {isa = PBXFileReference; lastKnownFileType = wrapper.framework; path = RealmSwift.framework; sourceTree = "<group>"; };
		CE0FF2DC1DD1EF83004A0608 /* Database.swift */ = {isa = PBXFileReference; fileEncoding = 4; lastKnownFileType = sourcecode.swift; path = Database.swift; sourceTree = "<group>"; };
		CE0FF2DE1DD29D1F004A0608 /* Login.storyboard */ = {isa = PBXFileReference; fileEncoding = 4; lastKnownFileType = file.storyboard; path = Login.storyboard; sourceTree = "<group>"; };
		CE0FF2E01DD2BA61004A0608 /* SettingsViewController.swift */ = {isa = PBXFileReference; fileEncoding = 4; lastKnownFileType = sourcecode.swift; path = SettingsViewController.swift; sourceTree = "<group>"; };
		CE61FD141DD978CF00840C22 /* CatalogueViewController.swift */ = {isa = PBXFileReference; fileEncoding = 4; lastKnownFileType = sourcecode.swift; path = CatalogueViewController.swift; sourceTree = "<group>"; };
		CE61FD161DDAA4CE00840C22 /* CatalogueCells.swift */ = {isa = PBXFileReference; fileEncoding = 4; lastKnownFileType = sourcecode.swift; path = CatalogueCells.swift; sourceTree = "<group>"; };
		CEC0CA321DDBAF9D0026B703 /* ApplicationUtilities.swift */ = {isa = PBXFileReference; fileEncoding = 4; lastKnownFileType = sourcecode.swift; path = ApplicationUtilities.swift; sourceTree = "<group>"; };
		CEC0CA341DDBAFF40026B703 /* GroupPopOverController.swift */ = {isa = PBXFileReference; fileEncoding = 4; lastKnownFileType = sourcecode.swift; path = GroupPopOverController.swift; sourceTree = "<group>"; };
		CEC0CA361DDBB0300026B703 /* GroupPopOverCell.swift */ = {isa = PBXFileReference; fileEncoding = 4; lastKnownFileType = sourcecode.swift; path = GroupPopOverCell.swift; sourceTree = "<group>"; };
		CEC0CA421DDCF9330026B703 /* CustomerPopOverController.swift */ = {isa = PBXFileReference; fileEncoding = 4; lastKnownFileType = sourcecode.swift; path = CustomerPopOverController.swift; sourceTree = "<group>"; };
		CEC0CA441DDCF9640026B703 /* CustomerPopOverCell.swift */ = {isa = PBXFileReference; fileEncoding = 4; lastKnownFileType = sourcecode.swift; path = CustomerPopOverCell.swift; sourceTree = "<group>"; };
		CEC0CA461DDD48220026B703 /* ContactViewController.swift */ = {isa = PBXFileReference; fileEncoding = 4; lastKnownFileType = sourcecode.swift; path = ContactViewController.swift; sourceTree = "<group>"; };
		CEC0CA481DDD490E0026B703 /* ContactCell.swift */ = {isa = PBXFileReference; fileEncoding = 4; lastKnownFileType = sourcecode.swift; path = ContactCell.swift; sourceTree = "<group>"; };
		CEC0CA4A1DDE6F1F0026B703 /* ContactDetailsViewController.swift */ = {isa = PBXFileReference; fileEncoding = 4; lastKnownFileType = sourcecode.swift; path = ContactDetailsViewController.swift; sourceTree = "<group>"; };
		CEC0CA4C1DDE75E30026B703 /* PendingOrdersViewController.swift */ = {isa = PBXFileReference; fileEncoding = 4; lastKnownFileType = sourcecode.swift; path = PendingOrdersViewController.swift; sourceTree = "<group>"; };
		CEC0CA501DDE7DD20026B703 /* PendingOdersCell.swift */ = {isa = PBXFileReference; fileEncoding = 4; lastKnownFileType = sourcecode.swift; path = PendingOdersCell.swift; sourceTree = "<group>"; };
		CEC0CA521DDE8D4F0026B703 /* PartListViewController.swift */ = {isa = PBXFileReference; fileEncoding = 4; lastKnownFileType = sourcecode.swift; path = PartListViewController.swift; sourceTree = "<group>"; };
		CEC0CA541DDE8F650026B703 /* PartListCell.swift */ = {isa = PBXFileReference; fileEncoding = 4; lastKnownFileType = sourcecode.swift; path = PartListCell.swift; sourceTree = "<group>"; };
		CEC0CA561DDEC51F0026B703 /* PartListDetailsViewController.swift */ = {isa = PBXFileReference; fileEncoding = 4; lastKnownFileType = sourcecode.swift; path = PartListDetailsViewController.swift; sourceTree = "<group>"; };
		CEC0CA5B1DE3BEED0026B703 /* SwiftyJSON.swift */ = {isa = PBXFileReference; fileEncoding = 4; lastKnownFileType = sourcecode.swift; path = SwiftyJSON.swift; sourceTree = "<group>"; };
/* End PBXFileReference section */

/* Begin PBXFrameworksBuildPhase section */
		CE0FF2A81DD1C337004A0608 /* Frameworks */ = {
			isa = PBXFrameworksBuildPhase;
			buildActionMask = 2147483647;
			files = (
				CE0FF2D91DD1DF7E004A0608 /* RealmSwift.framework in Frameworks */,
				CE0FF2D71DD1DF7E004A0608 /* Realm.framework in Frameworks */,
			);
			runOnlyForDeploymentPostprocessing = 0;
		};
/* End PBXFrameworksBuildPhase section */

/* Begin PBXGroup section */
		CE0FF2A21DD1C337004A0608 = {
			isa = PBXGroup;
			children = (
				CE0FF2D51DD1DF7E004A0608 /* Realm.framework */,
				CE0FF2D61DD1DF7E004A0608 /* RealmSwift.framework */,
				CE0FF2AD1DD1C337004A0608 /* OPTO e-Catalogue */,
				CE0FF2AC1DD1C337004A0608 /* Products */,
			);
			sourceTree = "<group>";
		};
		CE0FF2AC1DD1C337004A0608 /* Products */ = {
			isa = PBXGroup;
			children = (
				CE0FF2AB1DD1C337004A0608 /* OPTO e-Catalogue.app */,
			);
			name = Products;
			sourceTree = "<group>";
		};
		CE0FF2AD1DD1C337004A0608 /* OPTO e-Catalogue */ = {
			isa = PBXGroup;
			children = (
				CE0FF2D01DD1DDB7004A0608 /* View */,
				CE0FF2CF1DD1DDB2004A0608 /* Model */,
				CE0FF2CE1DD1DD94004A0608 /* Controller */,
				CE0FF2C31DD1C344004A0608 /* OPTO e-Catalogue.entitlements */,
				CE0FF2AE1DD1C337004A0608 /* AppDelegate.swift */,
				CE0FF2B01DD1C337004A0608 /* ViewController.swift */,
				CE0FF2B81DD1C337004A0608 /* Assets.xcassets */,
				CE0FF2BA1DD1C337004A0608 /* LaunchScreen.storyboard */,
				CE0FF2BD1DD1C337004A0608 /* Info.plist */,
				CE0FF2B51DD1C337004A0608 /* OPTO_e_Catalogue.xcdatamodeld */,
				CEC0CA5B1DE3BEED0026B703 /* SwiftyJSON.swift */,
			);
			path = "OPTO e-Catalogue";
			sourceTree = "<group>";
		};
		CE0FF2CE1DD1DD94004A0608 /* Controller */ = {
			isa = PBXGroup;
			children = (
				CE0FF2D11DD1DDE9004A0608 /* LoginViewController.swift */,
				CE0FF2E01DD2BA61004A0608 /* SettingsViewController.swift */,
				CE61FD141DD978CF00840C22 /* CatalogueViewController.swift */,
				CE61FD161DDAA4CE00840C22 /* CatalogueCells.swift */,
				CEC0CA341DDBAFF40026B703 /* GroupPopOverController.swift */,
				CEC0CA361DDBB0300026B703 /* GroupPopOverCell.swift */,
				CEC0CA421DDCF9330026B703 /* CustomerPopOverController.swift */,
				CEC0CA441DDCF9640026B703 /* CustomerPopOverCell.swift */,
				CEC0CA461DDD48220026B703 /* ContactViewController.swift */,
				CEC0CA481DDD490E0026B703 /* ContactCell.swift */,
				CEC0CA4A1DDE6F1F0026B703 /* ContactDetailsViewController.swift */,
				CEC0CA4C1DDE75E30026B703 /* PendingOrdersViewController.swift */,
				CEC0CA501DDE7DD20026B703 /* PendingOdersCell.swift */,
				CEC0CA521DDE8D4F0026B703 /* PartListViewController.swift */,
				CEC0CA541DDE8F650026B703 /* PartListCell.swift */,
				CEC0CA561DDEC51F0026B703 /* PartListDetailsViewController.swift */,
			);
			name = Controller;
			sourceTree = "<group>";
		};
		CE0FF2CF1DD1DDB2004A0608 /* Model */ = {
			isa = PBXGroup;
			children = (
				CE0FF2D31DD1DEE8004A0608 /* ServerUtilities.swift */,
				CE0FF2DC1DD1EF83004A0608 /* Database.swift */,
				CEC0CA321DDBAF9D0026B703 /* ApplicationUtilities.swift */,
			);
			name = Model;
			sourceTree = "<group>";
		};
		CE0FF2D01DD1DDB7004A0608 /* View */ = {
			isa = PBXGroup;
			children = (
				CE0FF2B21DD1C337004A0608 /* Main.storyboard */,
				CE0FF2C41DD1C581004A0608 /* Catalog.storyboard */,
				CE0FF2C61DD1C590004A0608 /* Orders.storyboard */,
				CE0FF2C81DD1C5C1004A0608 /* Contacts.storyboard */,
				CE0FF2CA1DD1C5D6004A0608 /* Home.storyboard */,
				CE0FF2CC1DD1C60F004A0608 /* Settings.storyboard */,
				CE0FF2DE1DD29D1F004A0608 /* Login.storyboard */,
			);
			name = View;
			sourceTree = "<group>";
		};
/* End PBXGroup section */

/* Begin PBXNativeTarget section */
		CE0FF2AA1DD1C337004A0608 /* OPTO e-Catalogue */ = {
			isa = PBXNativeTarget;
			buildConfigurationList = CE0FF2C01DD1C337004A0608 /* Build configuration list for PBXNativeTarget "OPTO e-Catalogue" */;
			buildPhases = (
				CE0FF2A71DD1C337004A0608 /* Sources */,
				CE0FF2A81DD1C337004A0608 /* Frameworks */,
				CE0FF2A91DD1C337004A0608 /* Resources */,
				CE0FF2DB1DD1DF7E004A0608 /* Embed Frameworks */,
			);
			buildRules = (
			);
			dependencies = (
			);
			name = "OPTO e-Catalogue";
			productName = "OPTO e-Catalogue";
			productReference = CE0FF2AB1DD1C337004A0608 /* OPTO e-Catalogue.app */;
			productType = "com.apple.product-type.application";
		};
/* End PBXNativeTarget section */

/* Begin PBXProject section */
		CE0FF2A31DD1C337004A0608 /* Project object */ = {
			isa = PBXProject;
			attributes = {
				LastSwiftUpdateCheck = 0800;
				LastUpgradeCheck = 0800;
				ORGANIZATIONNAME = TedBinary;
				TargetAttributes = {
					CE0FF2AA1DD1C337004A0608 = {
						CreatedOnToolsVersion = 8.0;
						DevelopmentTeam = 56WV9UDN42;
						ProvisioningStyle = Automatic;
						SystemCapabilities = {
							com.apple.Keychain = {
								enabled = 1;
							};
						};
					};
				};
			};
			buildConfigurationList = CE0FF2A61DD1C337004A0608 /* Build configuration list for PBXProject "OPTO e-Catalogue" */;
			compatibilityVersion = "Xcode 3.2";
			developmentRegion = English;
			hasScannedForEncodings = 0;
			knownRegions = (
				en,
				Base,
			);
			mainGroup = CE0FF2A21DD1C337004A0608;
			productRefGroup = CE0FF2AC1DD1C337004A0608 /* Products */;
			projectDirPath = "";
			projectRoot = "";
			targets = (
				CE0FF2AA1DD1C337004A0608 /* OPTO e-Catalogue */,
			);
		};
/* End PBXProject section */

/* Begin PBXResourcesBuildPhase section */
		CE0FF2A91DD1C337004A0608 /* Resources */ = {
			isa = PBXResourcesBuildPhase;
			buildActionMask = 2147483647;
			files = (
				CE0FF2CB1DD1C5D6004A0608 /* Home.storyboard in Resources */,
				CE0FF2C51DD1C581004A0608 /* Catalog.storyboard in Resources */,
				CE0FF2BC1DD1C337004A0608 /* LaunchScreen.storyboard in Resources */,
				CE0FF2CD1DD1C60F004A0608 /* Settings.storyboard in Resources */,
				CE0FF2C71DD1C590004A0608 /* Orders.storyboard in Resources */,
				CE0FF2C91DD1C5C1004A0608 /* Contacts.storyboard in Resources */,
				CE0FF2B91DD1C337004A0608 /* Assets.xcassets in Resources */,
				CE0FF2B41DD1C337004A0608 /* Main.storyboard in Resources */,
				CE0FF2DF1DD29D1F004A0608 /* Login.storyboard in Resources */,
			);
			runOnlyForDeploymentPostprocessing = 0;
		};
/* End PBXResourcesBuildPhase section */

/* Begin PBXSourcesBuildPhase section */
		CE0FF2A71DD1C337004A0608 /* Sources */ = {
			isa = PBXSourcesBuildPhase;
			buildActionMask = 2147483647;
			files = (
				CE0FF2DD1DD1EF83004A0608 /* Database.swift in Sources */,
				CEC0CA351DDBAFF40026B703 /* GroupPopOverController.swift in Sources */,
				CEC0CA571DDEC51F0026B703 /* PartListDetailsViewController.swift in Sources */,
				CE0FF2D21DD1DDE9004A0608 /* LoginViewController.swift in Sources */,
				CEC0CA431DDCF9330026B703 /* CustomerPopOverController.swift in Sources */,
				CEC0CA511DDE7DD20026B703 /* PendingOdersCell.swift in Sources */,
				CE0FF2E11DD2BA61004A0608 /* SettingsViewController.swift in Sources */,
				CEC0CA331DDBAF9D0026B703 /* ApplicationUtilities.swift in Sources */,
				CEC0CA5C1DE3BEED0026B703 /* SwiftyJSON.swift in Sources */,
				CEC0CA371DDBB0300026B703 /* GroupPopOverCell.swift in Sources */,
				CE61FD171DDAA4CE00840C22 /* CatalogueCells.swift in Sources */,
				CEC0CA491DDD490E0026B703 /* ContactCell.swift in Sources */,
				CEC0CA551DDE8F650026B703 /* PartListCell.swift in Sources */,
				CEC0CA4D1DDE75E30026B703 /* PendingOrdersViewController.swift in Sources */,
				CEC0CA4B1DDE6F1F0026B703 /* ContactDetailsViewController.swift in Sources */,
				CE0FF2B11DD1C337004A0608 /* ViewController.swift in Sources */,
				CEC0CA531DDE8D4F0026B703 /* PartListViewController.swift in Sources */,
				CEC0CA451DDCF9640026B703 /* CustomerPopOverCell.swift in Sources */,
				CE61FD151DD978CF00840C22 /* CatalogueViewController.swift in Sources */,
				CE0FF2AF1DD1C337004A0608 /* AppDelegate.swift in Sources */,
				CE0FF2D41DD1DEE8004A0608 /* ServerUtilities.swift in Sources */,
				CE0FF2B71DD1C337004A0608 /* OPTO_e_Catalogue.xcdatamodeld in Sources */,
				CEC0CA471DDD48220026B703 /* ContactViewController.swift in Sources */,
			);
			runOnlyForDeploymentPostprocessing = 0;
		};
/* End PBXSourcesBuildPhase section */

/* Begin PBXVariantGroup section */
		CE0FF2B21DD1C337004A0608 /* Main.storyboard */ = {
			isa = PBXVariantGroup;
			children = (
				CE0FF2B31DD1C337004A0608 /* Base */,
			);
			name = Main.storyboard;
			sourceTree = "<group>";
		};
		CE0FF2BA1DD1C337004A0608 /* LaunchScreen.storyboard */ = {
			isa = PBXVariantGroup;
			children = (
				CE0FF2BB1DD1C337004A0608 /* Base */,
			);
			name = LaunchScreen.storyboard;
			sourceTree = "<group>";
		};
/* End PBXVariantGroup section */

/* Begin XCBuildConfiguration section */
		CE0FF2BE1DD1C337004A0608 /* Debug */ = {
			isa = XCBuildConfiguration;
			buildSettings = {
				ALWAYS_SEARCH_USER_PATHS = NO;
				CLANG_ANALYZER_NONNULL = YES;
				CLANG_CXX_LANGUAGE_STANDARD = "gnu++0x";
				CLANG_CXX_LIBRARY = "libc++";
				CLANG_ENABLE_MODULES = YES;
				CLANG_ENABLE_OBJC_ARC = YES;
				CLANG_WARN_BOOL_CONVERSION = YES;
				CLANG_WARN_CONSTANT_CONVERSION = YES;
				CLANG_WARN_DIRECT_OBJC_ISA_USAGE = YES_ERROR;
				CLANG_WARN_DOCUMENTATION_COMMENTS = YES;
				CLANG_WARN_EMPTY_BODY = YES;
				CLANG_WARN_ENUM_CONVERSION = YES;
				CLANG_WARN_INFINITE_RECURSION = YES;
				CLANG_WARN_INT_CONVERSION = YES;
				CLANG_WARN_OBJC_ROOT_CLASS = YES_ERROR;
				CLANG_WARN_SUSPICIOUS_MOVES = YES;
				CLANG_WARN_UNREACHABLE_CODE = YES;
				CLANG_WARN__DUPLICATE_METHOD_MATCH = YES;
				"CODE_SIGN_IDENTITY[sdk=iphoneos*]" = "iPhone Developer";
				COPY_PHASE_STRIP = NO;
				DEBUG_INFORMATION_FORMAT = dwarf;
				ENABLE_STRICT_OBJC_MSGSEND = YES;
				ENABLE_TESTABILITY = YES;
				GCC_C_LANGUAGE_STANDARD = gnu99;
				GCC_DYNAMIC_NO_PIC = NO;
				GCC_NO_COMMON_BLOCKS = YES;
				GCC_OPTIMIZATION_LEVEL = 0;
				GCC_PREPROCESSOR_DEFINITIONS = (
					"DEBUG=1",
					"$(inherited)",
				);
				GCC_WARN_64_TO_32_BIT_CONVERSION = YES;
				GCC_WARN_ABOUT_RETURN_TYPE = YES_ERROR;
				GCC_WARN_UNDECLARED_SELECTOR = YES;
				GCC_WARN_UNINITIALIZED_AUTOS = YES_AGGRESSIVE;
				GCC_WARN_UNUSED_FUNCTION = YES;
				GCC_WARN_UNUSED_VARIABLE = YES;
				IPHONEOS_DEPLOYMENT_TARGET = 10.0;
				MTL_ENABLE_DEBUG_INFO = YES;
				ONLY_ACTIVE_ARCH = YES;
				SDKROOT = iphoneos;
				SWIFT_ACTIVE_COMPILATION_CONDITIONS = DEBUG;
				SWIFT_OPTIMIZATION_LEVEL = "-Onone";
				TARGETED_DEVICE_FAMILY = 2;
			};
			name = Debug;
		};
		CE0FF2BF1DD1C337004A0608 /* Release */ = {
			isa = XCBuildConfiguration;
			buildSettings = {
				ALWAYS_SEARCH_USER_PATHS = NO;
				CLANG_ANALYZER_NONNULL = YES;
				CLANG_CXX_LANGUAGE_STANDARD = "gnu++0x";
				CLANG_CXX_LIBRARY = "libc++";
				CLANG_ENABLE_MODULES = YES;
				CLANG_ENABLE_OBJC_ARC = YES;
				CLANG_WARN_BOOL_CONVERSION = YES;
				CLANG_WARN_CONSTANT_CONVERSION = YES;
				CLANG_WARN_DIRECT_OBJC_ISA_USAGE = YES_ERROR;
				CLANG_WARN_DOCUMENTATION_COMMENTS = YES;
				CLANG_WARN_EMPTY_BODY = YES;
				CLANG_WARN_ENUM_CONVERSION = YES;
				CLANG_WARN_INFINITE_RECURSION = YES;
				CLANG_WARN_INT_CONVERSION = YES;
				CLANG_WARN_OBJC_ROOT_CLASS = YES_ERROR;
				CLANG_WARN_SUSPICIOUS_MOVES = YES;
				CLANG_WARN_UNREACHABLE_CODE = YES;
				CLANG_WARN__DUPLICATE_METHOD_MATCH = YES;
				"CODE_SIGN_IDENTITY[sdk=iphoneos*]" = "iPhone Developer";
				COPY_PHASE_STRIP = NO;
				DEBUG_INFORMATION_FORMAT = "dwarf-with-dsym";
				ENABLE_NS_ASSERTIONS = NO;
				ENABLE_STRICT_OBJC_MSGSEND = YES;
				GCC_C_LANGUAGE_STANDARD = gnu99;
				GCC_NO_COMMON_BLOCKS = YES;
				GCC_WARN_64_TO_32_BIT_CONVERSION = YES;
				GCC_WARN_ABOUT_RETURN_TYPE = YES_ERROR;
				GCC_WARN_UNDECLARED_SELECTOR = YES;
				GCC_WARN_UNINITIALIZED_AUTOS = YES_AGGRESSIVE;
				GCC_WARN_UNUSED_FUNCTION = YES;
				GCC_WARN_UNUSED_VARIABLE = YES;
				IPHONEOS_DEPLOYMENT_TARGET = 10.0;
				MTL_ENABLE_DEBUG_INFO = NO;
				SDKROOT = iphoneos;
				SWIFT_OPTIMIZATION_LEVEL = "-Owholemodule";
				TARGETED_DEVICE_FAMILY = 2;
				VALIDATE_PRODUCT = YES;
			};
			name = Release;
		};
		CE0FF2C11DD1C337004A0608 /* Debug */ = {
			isa = XCBuildConfiguration;
			buildSettings = {
				ASSETCATALOG_COMPILER_APPICON_NAME = AppIcon;
				CODE_SIGN_ENTITLEMENTS = "OPTO e-Catalogue/OPTO e-Catalogue.entitlements";
				DEVELOPMENT_TEAM = 56WV9UDN42;
				FRAMEWORK_SEARCH_PATHS = (
					"$(inherited)",
					"$(PROJECT_DIR)",
				);
				INFOPLIST_FILE = "OPTO e-Catalogue/Info.plist";
				IPHONEOS_DEPLOYMENT_TARGET = 9.0;
				LD_RUNPATH_SEARCH_PATHS = "$(inherited) @executable_path/Frameworks";
				PRODUCT_BUNDLE_IDENTIFIER = "com.TedBinary.OPTO-e-Catalogue";
				PRODUCT_NAME = "$(TARGET_NAME)";
				SWIFT_VERSION = 3.0;
			};
			name = Debug;
		};
		CE0FF2C21DD1C337004A0608 /* Release */ = {
			isa = XCBuildConfiguration;
			buildSettings = {
				ASSETCATALOG_COMPILER_APPICON_NAME = AppIcon;
				CODE_SIGN_ENTITLEMENTS = "OPTO e-Catalogue/OPTO e-Catalogue.entitlements";
				DEVELOPMENT_TEAM = 56WV9UDN42;
				FRAMEWORK_SEARCH_PATHS = (
					"$(inherited)",
					"$(PROJECT_DIR)",
				);
				INFOPLIST_FILE = "OPTO e-Catalogue/Info.plist";
				IPHONEOS_DEPLOYMENT_TARGET = 9.0;
				LD_RUNPATH_SEARCH_PATHS = "$(inherited) @executable_path/Frameworks";
				PRODUCT_BUNDLE_IDENTIFIER = "com.TedBinary.OPTO-e-Catalogue";
				PRODUCT_NAME = "$(TARGET_NAME)";
				SWIFT_VERSION = 3.0;
			};
			name = Release;
		};
/* End XCBuildConfiguration section */

/* Begin XCConfigurationList section */
		CE0FF2A61DD1C337004A0608 /* Build configuration list for PBXProject "OPTO e-Catalogue" */ = {
			isa = XCConfigurationList;
			buildConfigurations = (
				CE0FF2BE1DD1C337004A0608 /* Debug */,
				CE0FF2BF1DD1C337004A0608 /* Release */,
			);
			defaultConfigurationIsVisible = 0;
			defaultConfigurationName = Release;
		};
		CE0FF2C01DD1C337004A0608 /* Build configuration list for PBXNativeTarget "OPTO e-Catalogue" */ = {
			isa = XCConfigurationList;
			buildConfigurations = (
				CE0FF2C11DD1C337004A0608 /* Debug */,
				CE0FF2C21DD1C337004A0608 /* Release */,
			);
			defaultConfigurationIsVisible = 0;
			defaultConfigurationName = Release;
		};
/* End XCConfigurationList section */

/* Begin XCVersionGroup section */
		CE0FF2B51DD1C337004A0608 /* OPTO_e_Catalogue.xcdatamodeld */ = {
			isa = XCVersionGroup;
			children = (
				CE0FF2B61DD1C337004A0608 /* OPTO_e_Catalogue.xcdatamodel */,
			);
			currentVersion = CE0FF2B61DD1C337004A0608 /* OPTO_e_Catalogue.xcdatamodel */;
			path = OPTO_e_Catalogue.xcdatamodeld;
			sourceTree = "<group>";
			versionGroupType = wrapper.xcdatamodel;
		};
/* End XCVersionGroup section */
	};
	rootObject = CE0FF2A31DD1C337004A0608 /* Project object */;
}
